{
  "name": "@homebots/alfred",
  "version": "1.0.0",
  "lockfileVersion": 1,
  "requires": true,
  "dependencies": {
    "@homebots/bot-protocol": {
      "version": "git+https://github.com/homebots/bot-protocol.git#58a6d5e58ed84445f5076d1b9559cb0eb94c0799",
      "from": "git+https://github.com/homebots/bot-protocol.git#master"
    }
  }
}
